// !$*UTF8*$!
{
	archiveVersion = 1;
	classes = {
	};
	objectVersion = 55;
	objects = {

/* Begin PBXBuildFile section */
		238C399873C29BF15096DD3D /* Pods_Pokedex_PokedexUITests.framework in Frameworks */ = {isa = PBXBuildFile; fileRef = 5E702A66D1F384E5BBFC9CAC /* Pods_Pokedex_PokedexUITests.framework */; };
		61259F1628A40B91007AB1E9 /* StatsItemView.swift in Sources */ = {isa = PBXBuildFile; fileRef = 61259F1528A40B91007AB1E9 /* StatsItemView.swift */; };
		613829A5289AD90000ACA658 /* HomeTabBarViewController.swift in Sources */ = {isa = PBXBuildFile; fileRef = 613829A4289AD90000ACA658 /* HomeTabBarViewController.swift */; };
		613829AD289AD97A00ACA658 /* PokemonCoordinator.swift in Sources */ = {isa = PBXBuildFile; fileRef = 613829A7289AD97A00ACA658 /* PokemonCoordinator.swift */; };
		613829AE289AD97A00ACA658 /* PokemonPresenter.swift in Sources */ = {isa = PBXBuildFile; fileRef = 613829A8289AD97A00ACA658 /* PokemonPresenter.swift */; };
		613829AF289AD97A00ACA658 /* PokemonViewController.swift in Sources */ = {isa = PBXBuildFile; fileRef = 613829A9289AD97A00ACA658 /* PokemonViewController.swift */; };
		613829B0289AD97A00ACA658 /* PokemonProtocols.swift in Sources */ = {isa = PBXBuildFile; fileRef = 613829AA289AD97A00ACA658 /* PokemonProtocols.swift */; };
		613829B1289AD97A00ACA658 /* PokemonRepository.swift in Sources */ = {isa = PBXBuildFile; fileRef = 613829AB289AD97A00ACA658 /* PokemonRepository.swift */; };
		613829B5289B047300ACA658 /* Typealiases.swift in Sources */ = {isa = PBXBuildFile; fileRef = 613829B4289B047300ACA658 /* Typealiases.swift */; };
		613829B9289B07CA00ACA658 /* R.generated.swift in Sources */ = {isa = PBXBuildFile; fileRef = 613829B8289B07CA00ACA658 /* R.generated.swift */; };
		613829BC289C0D5B00ACA658 /* CardPokemonCell.swift in Sources */ = {isa = PBXBuildFile; fileRef = 613829BB289C0D5B00ACA658 /* CardPokemonCell.swift */; };
		6145C93F28AAAB2300DECC03 /* CardPokemon.swift in Sources */ = {isa = PBXBuildFile; fileRef = 6145C93E28AAAB2300DECC03 /* CardPokemon.swift */; };
		6145C94128AACE2700DECC03 /* BattleLogCell.swift in Sources */ = {isa = PBXBuildFile; fileRef = 6145C94028AACE2700DECC03 /* BattleLogCell.swift */; };
		6145C94428AAE35C00DECC03 /* UILabel+PaddingLabel.swift in Sources */ = {isa = PBXBuildFile; fileRef = 6145C94328AAE35C00DECC03 /* UILabel+PaddingLabel.swift */; };
		615DE87A28A6E8FB000B60B0 /* BattleCoordinator.swift in Sources */ = {isa = PBXBuildFile; fileRef = 615DE87428A6E8FB000B60B0 /* BattleCoordinator.swift */; };
		615DE87B28A6E8FB000B60B0 /* BattlePresenter.swift in Sources */ = {isa = PBXBuildFile; fileRef = 615DE87528A6E8FB000B60B0 /* BattlePresenter.swift */; };
		615DE87C28A6E8FB000B60B0 /* BattleViewController.swift in Sources */ = {isa = PBXBuildFile; fileRef = 615DE87628A6E8FB000B60B0 /* BattleViewController.swift */; };
		615DE87D28A6E8FB000B60B0 /* BattleProtocols.swift in Sources */ = {isa = PBXBuildFile; fileRef = 615DE87728A6E8FB000B60B0 /* BattleProtocols.swift */; };
		615DE87E28A6E8FB000B60B0 /* BattleRepository.swift in Sources */ = {isa = PBXBuildFile; fileRef = 615DE87828A6E8FB000B60B0 /* BattleRepository.swift */; };
		61728660289963B900C174D5 /* AppDelegate.swift in Sources */ = {isa = PBXBuildFile; fileRef = 6172865F289963B900C174D5 /* AppDelegate.swift */; };
		61728662289963B900C174D5 /* SceneDelegate.swift in Sources */ = {isa = PBXBuildFile; fileRef = 61728661289963B900C174D5 /* SceneDelegate.swift */; };
		61728669289963BA00C174D5 /* Assets.xcassets in Resources */ = {isa = PBXBuildFile; fileRef = 61728668289963BA00C174D5 /* Assets.xcassets */; };
		6172866C289963BA00C174D5 /* LaunchScreen.storyboard in Resources */ = {isa = PBXBuildFile; fileRef = 6172866A289963BA00C174D5 /* LaunchScreen.storyboard */; };
		61728677289963BB00C174D5 /* PokedexTests.swift in Sources */ = {isa = PBXBuildFile; fileRef = 61728676289963BB00C174D5 /* PokedexTests.swift */; };
		61728681289963BB00C174D5 /* PokedexUITests.swift in Sources */ = {isa = PBXBuildFile; fileRef = 61728680289963BB00C174D5 /* PokedexUITests.swift */; };
		61728683289963BB00C174D5 /* PokedexUITestsLaunchTests.swift in Sources */ = {isa = PBXBuildFile; fileRef = 61728682289963BB00C174D5 /* PokedexUITestsLaunchTests.swift */; };
		6172869528998B6300C174D5 /* PokemonBasePegeable.swift in Sources */ = {isa = PBXBuildFile; fileRef = 6172869428998B6300C174D5 /* PokemonBasePegeable.swift */; };
		6172869728998BC500C174D5 /* PokemonBase.swift in Sources */ = {isa = PBXBuildFile; fileRef = 6172869628998BC500C174D5 /* PokemonBase.swift */; };
		6172869A28998C7500C174D5 /* API.swift in Sources */ = {isa = PBXBuildFile; fileRef = 6172869928998C7500C174D5 /* API.swift */; };
		6172869C28998C8000C174D5 /* Endpoint.swift in Sources */ = {isa = PBXBuildFile; fileRef = 6172869B28998C8000C174D5 /* Endpoint.swift */; };
		6172869E28998C8D00C174D5 /* APISupport.swift in Sources */ = {isa = PBXBuildFile; fileRef = 6172869D28998C8D00C174D5 /* APISupport.swift */; };
		617286A128998FB300C174D5 /* UIImageView+LoadImage.swift in Sources */ = {isa = PBXBuildFile; fileRef = 617286A028998FB200C174D5 /* UIImageView+LoadImage.swift */; };
		618ABE83289D8A7300010DC7 /* URL.swift in Sources */ = {isa = PBXBuildFile; fileRef = 618ABE82289D8A7300010DC7 /* URL.swift */; };
		618ABE85289D8A7A00010DC7 /* String.swift in Sources */ = {isa = PBXBuildFile; fileRef = 618ABE84289D8A7A00010DC7 /* String.swift */; };
		618ABE8D289D8C1E00010DC7 /* PokemonDetailCoordinator.swift in Sources */ = {isa = PBXBuildFile; fileRef = 618ABE87289D8C1E00010DC7 /* PokemonDetailCoordinator.swift */; };
		618ABE8E289D8C1E00010DC7 /* PokemonDetailPresenter.swift in Sources */ = {isa = PBXBuildFile; fileRef = 618ABE88289D8C1E00010DC7 /* PokemonDetailPresenter.swift */; };
		618ABE8F289D8C1E00010DC7 /* PokemonDetailViewController.swift in Sources */ = {isa = PBXBuildFile; fileRef = 618ABE89289D8C1E00010DC7 /* PokemonDetailViewController.swift */; };
		618ABE90289D8C1E00010DC7 /* PokemonDetailProtocols.swift in Sources */ = {isa = PBXBuildFile; fileRef = 618ABE8A289D8C1E00010DC7 /* PokemonDetailProtocols.swift */; };
		618ABE91289D8C1E00010DC7 /* PokemonDetailRepository.swift in Sources */ = {isa = PBXBuildFile; fileRef = 618ABE8B289D8C1E00010DC7 /* PokemonDetailRepository.swift */; };
		618ABE95289D8F5000010DC7 /* LoadIndicatorViewController.swift in Sources */ = {isa = PBXBuildFile; fileRef = 618ABE94289D8F5000010DC7 /* LoadIndicatorViewController.swift */; };
		618ABE97289D902100010DC7 /* UIViewController.swift in Sources */ = {isa = PBXBuildFile; fileRef = 618ABE96289D902100010DC7 /* UIViewController.swift */; };
		618ABE99289DAD0700010DC7 /* PokemonDetail.swift in Sources */ = {isa = PBXBuildFile; fileRef = 618ABE98289DAD0700010DC7 /* PokemonDetail.swift */; };
		618ABE9B289DB12600010DC7 /* PokemonSpecies.swift in Sources */ = {isa = PBXBuildFile; fileRef = 618ABE9A289DB12600010DC7 /* PokemonSpecies.swift */; };
		618ABE9F289DB19500010DC7 /* Abilitiy.swift in Sources */ = {isa = PBXBuildFile; fileRef = 618ABE9E289DB19500010DC7 /* Abilitiy.swift */; };
		618ABEA1289DB1B300010DC7 /* Habitat.swift in Sources */ = {isa = PBXBuildFile; fileRef = 618ABEA0289DB1B300010DC7 /* Habitat.swift */; };
		618ABEA3289DB1C200010DC7 /* Language.swift in Sources */ = {isa = PBXBuildFile; fileRef = 618ABEA2289DB1C200010DC7 /* Language.swift */; };
		618ABEA5289DB1D300010DC7 /* Sprite.swift in Sources */ = {isa = PBXBuildFile; fileRef = 618ABEA4289DB1D300010DC7 /* Sprite.swift */; };
		618ABEA7289DB1E800010DC7 /* Status.swift in Sources */ = {isa = PBXBuildFile; fileRef = 618ABEA6289DB1E800010DC7 /* Status.swift */; };
		618ABEA9289DB1FF00010DC7 /* PokemonType.swift in Sources */ = {isa = PBXBuildFile; fileRef = 618ABEA8289DB1FF00010DC7 /* PokemonType.swift */; };
		619969BF28A5646F00165EA2 /* Favorites.swift in Sources */ = {isa = PBXBuildFile; fileRef = 619969BE28A5646F00165EA2 /* Favorites.swift */; };
		619969C128A5651C00165EA2 /* Favorite.swift in Sources */ = {isa = PBXBuildFile; fileRef = 619969C028A5651C00165EA2 /* Favorite.swift */; };
		619969C328A5677300165EA2 /* UIImage.swift in Sources */ = {isa = PBXBuildFile; fileRef = 619969C228A5677300165EA2 /* UIImage.swift */; };
		619969CB28A5753400165EA2 /* BattleChoiceOpponentCoordinator.swift in Sources */ = {isa = PBXBuildFile; fileRef = 619969C528A5753400165EA2 /* BattleChoiceOpponentCoordinator.swift */; };
		619969CC28A5753400165EA2 /* BattleChoiceOpponentPresenter.swift in Sources */ = {isa = PBXBuildFile; fileRef = 619969C628A5753400165EA2 /* BattleChoiceOpponentPresenter.swift */; };
		619969CD28A5753400165EA2 /* BattleChoiceOpponentViewController.swift in Sources */ = {isa = PBXBuildFile; fileRef = 619969C728A5753400165EA2 /* BattleChoiceOpponentViewController.swift */; };
		619969CE28A5753400165EA2 /* BattleChoiceOpponentProtocols.swift in Sources */ = {isa = PBXBuildFile; fileRef = 619969C828A5753400165EA2 /* BattleChoiceOpponentProtocols.swift */; };
		619969CF28A5753400165EA2 /* BattleChoiceOpponentRepository.swift in Sources */ = {isa = PBXBuildFile; fileRef = 619969C928A5753400165EA2 /* BattleChoiceOpponentRepository.swift */; };
		61E6038328A1586A00EC1DEF /* FlavorText.swift in Sources */ = {isa = PBXBuildFile; fileRef = 61E6038228A1586A00EC1DEF /* FlavorText.swift */; };
		61E6038528A16FA400EC1DEF /* UnloackedPokemon.swift in Sources */ = {isa = PBXBuildFile; fileRef = 61E6038428A16FA400EC1DEF /* UnloackedPokemon.swift */; };
		61E6038728A1700700EC1DEF /* Unloacked.swift in Sources */ = {isa = PBXBuildFile; fileRef = 61E6038628A1700700EC1DEF /* Unloacked.swift */; };
		61E6038A28A17A0300EC1DEF /* Localizable.strings in Resources */ = {isa = PBXBuildFile; fileRef = 61E6038928A17A0300EC1DEF /* Localizable.strings */; };
		6C3FD0A7A203452790E0BFFE /* Pods_PokedexTests.framework in Frameworks */ = {isa = PBXBuildFile; fileRef = AFF1B6E1A21E2F645C23BB2F /* Pods_PokedexTests.framework */; };
		85693CC1E85A19E1869CF00D /* Pods_Pokedex.framework in Frameworks */ = {isa = PBXBuildFile; fileRef = 403791ED16910DC249604143 /* Pods_Pokedex.framework */; };
/* End PBXBuildFile section */

/* Begin PBXContainerItemProxy section */
		61728673289963BB00C174D5 /* PBXContainerItemProxy */ = {
			isa = PBXContainerItemProxy;
			containerPortal = 61728654289963B900C174D5 /* Project object */;
			proxyType = 1;
			remoteGlobalIDString = 6172865B289963B900C174D5;
			remoteInfo = Pokedex;
		};
		6172867D289963BB00C174D5 /* PBXContainerItemProxy */ = {
			isa = PBXContainerItemProxy;
			containerPortal = 61728654289963B900C174D5 /* Project object */;
			proxyType = 1;
			remoteGlobalIDString = 6172865B289963B900C174D5;
			remoteInfo = Pokedex;
		};
/* End PBXContainerItemProxy section */

/* Begin PBXFileReference section */
		24A7B11F3DC69BF1A9D2881F /* Pods-Pokedex.release.xcconfig */ = {isa = PBXFileReference; includeInIndex = 1; lastKnownFileType = text.xcconfig; name = "Pods-Pokedex.release.xcconfig"; path = "Target Support Files/Pods-Pokedex/Pods-Pokedex.release.xcconfig"; sourceTree = "<group>"; };
		403791ED16910DC249604143 /* Pods_Pokedex.framework */ = {isa = PBXFileReference; explicitFileType = wrapper.framework; includeInIndex = 0; path = Pods_Pokedex.framework; sourceTree = BUILT_PRODUCTS_DIR; };
		5156FD286C4C5A6F00E9BCA0 /* Pods-Pokedex-PokedexUITests.debug.xcconfig */ = {isa = PBXFileReference; includeInIndex = 1; lastKnownFileType = text.xcconfig; name = "Pods-Pokedex-PokedexUITests.debug.xcconfig"; path = "Target Support Files/Pods-Pokedex-PokedexUITests/Pods-Pokedex-PokedexUITests.debug.xcconfig"; sourceTree = "<group>"; };
		57F87824401DDB8DC5AC9B33 /* Pods-Pokedex.debug.xcconfig */ = {isa = PBXFileReference; includeInIndex = 1; lastKnownFileType = text.xcconfig; name = "Pods-Pokedex.debug.xcconfig"; path = "Target Support Files/Pods-Pokedex/Pods-Pokedex.debug.xcconfig"; sourceTree = "<group>"; };
		5E702A66D1F384E5BBFC9CAC /* Pods_Pokedex_PokedexUITests.framework */ = {isa = PBXFileReference; explicitFileType = wrapper.framework; includeInIndex = 0; path = Pods_Pokedex_PokedexUITests.framework; sourceTree = BUILT_PRODUCTS_DIR; };
		61259F1528A40B91007AB1E9 /* StatsItemView.swift */ = {isa = PBXFileReference; lastKnownFileType = sourcecode.swift; path = StatsItemView.swift; sourceTree = "<group>"; };
		613829A4289AD90000ACA658 /* HomeTabBarViewController.swift */ = {isa = PBXFileReference; lastKnownFileType = sourcecode.swift; path = HomeTabBarViewController.swift; sourceTree = "<group>"; };
		613829A7289AD97A00ACA658 /* PokemonCoordinator.swift */ = {isa = PBXFileReference; lastKnownFileType = sourcecode.swift; path = PokemonCoordinator.swift; sourceTree = "<group>"; };
		613829A8289AD97A00ACA658 /* PokemonPresenter.swift */ = {isa = PBXFileReference; lastKnownFileType = sourcecode.swift; path = PokemonPresenter.swift; sourceTree = "<group>"; };
		613829A9289AD97A00ACA658 /* PokemonViewController.swift */ = {isa = PBXFileReference; lastKnownFileType = sourcecode.swift; path = PokemonViewController.swift; sourceTree = "<group>"; };
		613829AA289AD97A00ACA658 /* PokemonProtocols.swift */ = {isa = PBXFileReference; lastKnownFileType = sourcecode.swift; path = PokemonProtocols.swift; sourceTree = "<group>"; };
		613829AB289AD97A00ACA658 /* PokemonRepository.swift */ = {isa = PBXFileReference; lastKnownFileType = sourcecode.swift; path = PokemonRepository.swift; sourceTree = "<group>"; };
		613829B4289B047300ACA658 /* Typealiases.swift */ = {isa = PBXFileReference; lastKnownFileType = sourcecode.swift; path = Typealiases.swift; sourceTree = "<group>"; };
		613829B8289B07CA00ACA658 /* R.generated.swift */ = {isa = PBXFileReference; fileEncoding = 4; lastKnownFileType = sourcecode.swift; path = R.generated.swift; sourceTree = "<group>"; };
		613829BB289C0D5B00ACA658 /* CardPokemonCell.swift */ = {isa = PBXFileReference; lastKnownFileType = sourcecode.swift; path = CardPokemonCell.swift; sourceTree = "<group>"; };
		6145C93E28AAAB2300DECC03 /* CardPokemon.swift */ = {isa = PBXFileReference; lastKnownFileType = sourcecode.swift; path = CardPokemon.swift; sourceTree = "<group>"; };
		6145C94028AACE2700DECC03 /* BattleLogCell.swift */ = {isa = PBXFileReference; lastKnownFileType = sourcecode.swift; path = BattleLogCell.swift; sourceTree = "<group>"; };
		6145C94328AAE35C00DECC03 /* UILabel+PaddingLabel.swift */ = {isa = PBXFileReference; lastKnownFileType = sourcecode.swift; path = "UILabel+PaddingLabel.swift"; sourceTree = "<group>"; };
		615DE87428A6E8FB000B60B0 /* BattleCoordinator.swift */ = {isa = PBXFileReference; lastKnownFileType = sourcecode.swift; path = BattleCoordinator.swift; sourceTree = "<group>"; };
		615DE87528A6E8FB000B60B0 /* BattlePresenter.swift */ = {isa = PBXFileReference; lastKnownFileType = sourcecode.swift; path = BattlePresenter.swift; sourceTree = "<group>"; };
		615DE87628A6E8FB000B60B0 /* BattleViewController.swift */ = {isa = PBXFileReference; lastKnownFileType = sourcecode.swift; path = BattleViewController.swift; sourceTree = "<group>"; };
		615DE87728A6E8FB000B60B0 /* BattleProtocols.swift */ = {isa = PBXFileReference; lastKnownFileType = sourcecode.swift; path = BattleProtocols.swift; sourceTree = "<group>"; };
		615DE87828A6E8FB000B60B0 /* BattleRepository.swift */ = {isa = PBXFileReference; lastKnownFileType = sourcecode.swift; path = BattleRepository.swift; sourceTree = "<group>"; };
		6172865C289963B900C174D5 /* Pokedex.app */ = {isa = PBXFileReference; explicitFileType = wrapper.application; includeInIndex = 0; path = Pokedex.app; sourceTree = BUILT_PRODUCTS_DIR; };
		6172865F289963B900C174D5 /* AppDelegate.swift */ = {isa = PBXFileReference; lastKnownFileType = sourcecode.swift; path = AppDelegate.swift; sourceTree = "<group>"; };
		61728661289963B900C174D5 /* SceneDelegate.swift */ = {isa = PBXFileReference; lastKnownFileType = sourcecode.swift; path = SceneDelegate.swift; sourceTree = "<group>"; };
		61728668289963BA00C174D5 /* Assets.xcassets */ = {isa = PBXFileReference; lastKnownFileType = folder.assetcatalog; path = Assets.xcassets; sourceTree = "<group>"; };
		6172866B289963BA00C174D5 /* Base */ = {isa = PBXFileReference; lastKnownFileType = file.storyboard; name = Base; path = Base.lproj/LaunchScreen.storyboard; sourceTree = "<group>"; };
		6172866D289963BA00C174D5 /* Info.plist */ = {isa = PBXFileReference; lastKnownFileType = text.plist.xml; path = Info.plist; sourceTree = "<group>"; };
		61728672289963BB00C174D5 /* PokedexTests.xctest */ = {isa = PBXFileReference; explicitFileType = wrapper.cfbundle; includeInIndex = 0; path = PokedexTests.xctest; sourceTree = BUILT_PRODUCTS_DIR; };
		61728676289963BB00C174D5 /* PokedexTests.swift */ = {isa = PBXFileReference; lastKnownFileType = sourcecode.swift; path = PokedexTests.swift; sourceTree = "<group>"; };
		6172867C289963BB00C174D5 /* PokedexUITests.xctest */ = {isa = PBXFileReference; explicitFileType = wrapper.cfbundle; includeInIndex = 0; path = PokedexUITests.xctest; sourceTree = BUILT_PRODUCTS_DIR; };
		61728680289963BB00C174D5 /* PokedexUITests.swift */ = {isa = PBXFileReference; lastKnownFileType = sourcecode.swift; path = PokedexUITests.swift; sourceTree = "<group>"; };
		61728682289963BB00C174D5 /* PokedexUITestsLaunchTests.swift */ = {isa = PBXFileReference; lastKnownFileType = sourcecode.swift; path = PokedexUITestsLaunchTests.swift; sourceTree = "<group>"; };
		6172869428998B6300C174D5 /* PokemonBasePegeable.swift */ = {isa = PBXFileReference; lastKnownFileType = sourcecode.swift; path = PokemonBasePegeable.swift; sourceTree = "<group>"; };
		6172869628998BC500C174D5 /* PokemonBase.swift */ = {isa = PBXFileReference; lastKnownFileType = sourcecode.swift; path = PokemonBase.swift; sourceTree = "<group>"; };
		6172869928998C7500C174D5 /* API.swift */ = {isa = PBXFileReference; lastKnownFileType = sourcecode.swift; path = API.swift; sourceTree = "<group>"; };
		6172869B28998C8000C174D5 /* Endpoint.swift */ = {isa = PBXFileReference; lastKnownFileType = sourcecode.swift; path = Endpoint.swift; sourceTree = "<group>"; };
		6172869D28998C8D00C174D5 /* APISupport.swift */ = {isa = PBXFileReference; lastKnownFileType = sourcecode.swift; path = APISupport.swift; sourceTree = "<group>"; };
		617286A028998FB200C174D5 /* UIImageView+LoadImage.swift */ = {isa = PBXFileReference; lastKnownFileType = sourcecode.swift; path = "UIImageView+LoadImage.swift"; sourceTree = "<group>"; };
		618ABE82289D8A7300010DC7 /* URL.swift */ = {isa = PBXFileReference; lastKnownFileType = sourcecode.swift; path = URL.swift; sourceTree = "<group>"; };
		618ABE84289D8A7A00010DC7 /* String.swift */ = {isa = PBXFileReference; lastKnownFileType = sourcecode.swift; path = String.swift; sourceTree = "<group>"; };
		618ABE87289D8C1E00010DC7 /* PokemonDetailCoordinator.swift */ = {isa = PBXFileReference; lastKnownFileType = sourcecode.swift; path = PokemonDetailCoordinator.swift; sourceTree = "<group>"; };
		618ABE88289D8C1E00010DC7 /* PokemonDetailPresenter.swift */ = {isa = PBXFileReference; lastKnownFileType = sourcecode.swift; path = PokemonDetailPresenter.swift; sourceTree = "<group>"; };
		618ABE89289D8C1E00010DC7 /* PokemonDetailViewController.swift */ = {isa = PBXFileReference; lastKnownFileType = sourcecode.swift; path = PokemonDetailViewController.swift; sourceTree = "<group>"; };
		618ABE8A289D8C1E00010DC7 /* PokemonDetailProtocols.swift */ = {isa = PBXFileReference; lastKnownFileType = sourcecode.swift; path = PokemonDetailProtocols.swift; sourceTree = "<group>"; };
		618ABE8B289D8C1E00010DC7 /* PokemonDetailRepository.swift */ = {isa = PBXFileReference; lastKnownFileType = sourcecode.swift; path = PokemonDetailRepository.swift; sourceTree = "<group>"; };
		618ABE94289D8F5000010DC7 /* LoadIndicatorViewController.swift */ = {isa = PBXFileReference; lastKnownFileType = sourcecode.swift; path = LoadIndicatorViewController.swift; sourceTree = "<group>"; };
		618ABE96289D902100010DC7 /* UIViewController.swift */ = {isa = PBXFileReference; lastKnownFileType = sourcecode.swift; path = UIViewController.swift; sourceTree = "<group>"; };
		618ABE98289DAD0700010DC7 /* PokemonDetail.swift */ = {isa = PBXFileReference; lastKnownFileType = sourcecode.swift; path = PokemonDetail.swift; sourceTree = "<group>"; };
		618ABE9A289DB12600010DC7 /* PokemonSpecies.swift */ = {isa = PBXFileReference; lastKnownFileType = sourcecode.swift; path = PokemonSpecies.swift; sourceTree = "<group>"; };
		618ABE9E289DB19500010DC7 /* Abilitiy.swift */ = {isa = PBXFileReference; lastKnownFileType = sourcecode.swift; path = Abilitiy.swift; sourceTree = "<group>"; };
		618ABEA0289DB1B300010DC7 /* Habitat.swift */ = {isa = PBXFileReference; lastKnownFileType = sourcecode.swift; path = Habitat.swift; sourceTree = "<group>"; };
		618ABEA2289DB1C200010DC7 /* Language.swift */ = {isa = PBXFileReference; lastKnownFileType = sourcecode.swift; path = Language.swift; sourceTree = "<group>"; };
		618ABEA4289DB1D300010DC7 /* Sprite.swift */ = {isa = PBXFileReference; lastKnownFileType = sourcecode.swift; path = Sprite.swift; sourceTree = "<group>"; };
		618ABEA6289DB1E800010DC7 /* Status.swift */ = {isa = PBXFileReference; lastKnownFileType = sourcecode.swift; path = Status.swift; sourceTree = "<group>"; };
		618ABEA8289DB1FF00010DC7 /* PokemonType.swift */ = {isa = PBXFileReference; lastKnownFileType = sourcecode.swift; path = PokemonType.swift; sourceTree = "<group>"; };
		619969BE28A5646F00165EA2 /* Favorites.swift */ = {isa = PBXFileReference; lastKnownFileType = sourcecode.swift; path = Favorites.swift; sourceTree = "<group>"; };
		619969C028A5651C00165EA2 /* Favorite.swift */ = {isa = PBXFileReference; lastKnownFileType = sourcecode.swift; path = Favorite.swift; sourceTree = "<group>"; };
		619969C228A5677300165EA2 /* UIImage.swift */ = {isa = PBXFileReference; lastKnownFileType = sourcecode.swift; path = UIImage.swift; sourceTree = "<group>"; };
		619969C528A5753400165EA2 /* BattleChoiceOpponentCoordinator.swift */ = {isa = PBXFileReference; lastKnownFileType = sourcecode.swift; path = BattleChoiceOpponentCoordinator.swift; sourceTree = "<group>"; };
		619969C628A5753400165EA2 /* BattleChoiceOpponentPresenter.swift */ = {isa = PBXFileReference; lastKnownFileType = sourcecode.swift; path = BattleChoiceOpponentPresenter.swift; sourceTree = "<group>"; };
		619969C728A5753400165EA2 /* BattleChoiceOpponentViewController.swift */ = {isa = PBXFileReference; lastKnownFileType = sourcecode.swift; path = BattleChoiceOpponentViewController.swift; sourceTree = "<group>"; };
		619969C828A5753400165EA2 /* BattleChoiceOpponentProtocols.swift */ = {isa = PBXFileReference; lastKnownFileType = sourcecode.swift; path = BattleChoiceOpponentProtocols.swift; sourceTree = "<group>"; };
		619969C928A5753400165EA2 /* BattleChoiceOpponentRepository.swift */ = {isa = PBXFileReference; lastKnownFileType = sourcecode.swift; path = BattleChoiceOpponentRepository.swift; sourceTree = "<group>"; };
		61E6038228A1586A00EC1DEF /* FlavorText.swift */ = {isa = PBXFileReference; lastKnownFileType = sourcecode.swift; path = FlavorText.swift; sourceTree = "<group>"; };
		61E6038428A16FA400EC1DEF /* UnloackedPokemon.swift */ = {isa = PBXFileReference; lastKnownFileType = sourcecode.swift; path = UnloackedPokemon.swift; sourceTree = "<group>"; };
		61E6038628A1700700EC1DEF /* Unloacked.swift */ = {isa = PBXFileReference; lastKnownFileType = sourcecode.swift; path = Unloacked.swift; sourceTree = "<group>"; };
		61E6038928A17A0300EC1DEF /* Localizable.strings */ = {isa = PBXFileReference; lastKnownFileType = text.plist.strings; path = Localizable.strings; sourceTree = "<group>"; };
		6FCB151FE77D4512E23E59B6 /* Pods-PokedexTests.release.xcconfig */ = {isa = PBXFileReference; includeInIndex = 1; lastKnownFileType = text.xcconfig; name = "Pods-PokedexTests.release.xcconfig"; path = "Target Support Files/Pods-PokedexTests/Pods-PokedexTests.release.xcconfig"; sourceTree = "<group>"; };
		7FB20A4214E54F5BAD87EA55 /* Pods-PokedexTests.debug.xcconfig */ = {isa = PBXFileReference; includeInIndex = 1; lastKnownFileType = text.xcconfig; name = "Pods-PokedexTests.debug.xcconfig"; path = "Target Support Files/Pods-PokedexTests/Pods-PokedexTests.debug.xcconfig"; sourceTree = "<group>"; };
		AFF1B6E1A21E2F645C23BB2F /* Pods_PokedexTests.framework */ = {isa = PBXFileReference; explicitFileType = wrapper.framework; includeInIndex = 0; path = Pods_PokedexTests.framework; sourceTree = BUILT_PRODUCTS_DIR; };
		B6F9C30847EE95040D67A263 /* Pods-Pokedex-PokedexUITests.release.xcconfig */ = {isa = PBXFileReference; includeInIndex = 1; lastKnownFileType = text.xcconfig; name = "Pods-Pokedex-PokedexUITests.release.xcconfig"; path = "Target Support Files/Pods-Pokedex-PokedexUITests/Pods-Pokedex-PokedexUITests.release.xcconfig"; sourceTree = "<group>"; };
/* End PBXFileReference section */

/* Begin PBXFrameworksBuildPhase section */
		61728659289963B900C174D5 /* Frameworks */ = {
			isa = PBXFrameworksBuildPhase;
			buildActionMask = 2147483647;
			files = (
				85693CC1E85A19E1869CF00D /* Pods_Pokedex.framework in Frameworks */,
			);
			runOnlyForDeploymentPostprocessing = 0;
		};
		6172866F289963BB00C174D5 /* Frameworks */ = {
			isa = PBXFrameworksBuildPhase;
			buildActionMask = 2147483647;
			files = (
				6C3FD0A7A203452790E0BFFE /* Pods_PokedexTests.framework in Frameworks */,
			);
			runOnlyForDeploymentPostprocessing = 0;
		};
		61728679289963BB00C174D5 /* Frameworks */ = {
			isa = PBXFrameworksBuildPhase;
			buildActionMask = 2147483647;
			files = (
				238C399873C29BF15096DD3D /* Pods_Pokedex_PokedexUITests.framework in Frameworks */,
			);
			runOnlyForDeploymentPostprocessing = 0;
		};
/* End PBXFrameworksBuildPhase section */

/* Begin PBXGroup section */
		3D991FB1773290B82A8465A4 /* Pods */ = {
			isa = PBXGroup;
			children = (
				57F87824401DDB8DC5AC9B33 /* Pods-Pokedex.debug.xcconfig */,
				24A7B11F3DC69BF1A9D2881F /* Pods-Pokedex.release.xcconfig */,
				5156FD286C4C5A6F00E9BCA0 /* Pods-Pokedex-PokedexUITests.debug.xcconfig */,
				B6F9C30847EE95040D67A263 /* Pods-Pokedex-PokedexUITests.release.xcconfig */,
				7FB20A4214E54F5BAD87EA55 /* Pods-PokedexTests.debug.xcconfig */,
				6FCB151FE77D4512E23E59B6 /* Pods-PokedexTests.release.xcconfig */,
			);
			path = Pods;
			sourceTree = "<group>";
		};
		61259F1428A40B45007AB1E9 /* View */ = {
			isa = PBXGroup;
			children = (
				61259F1528A40B91007AB1E9 /* StatsItemView.swift */,
			);
			path = View;
			sourceTree = "<group>";
		};
		613829A3289AD8AF00ACA658 /* Home */ = {
			isa = PBXGroup;
			children = (
				613829A4289AD90000ACA658 /* HomeTabBarViewController.swift */,
			);
			name = Home;
			sourceTree = "<group>";
		};
		613829A6289AD96400ACA658 /* Pokemon */ = {
			isa = PBXGroup;
			children = (
				613829BA289C0D4800ACA658 /* View */,
				613829A7289AD97A00ACA658 /* PokemonCoordinator.swift */,
				613829A8289AD97A00ACA658 /* PokemonPresenter.swift */,
				613829A9289AD97A00ACA658 /* PokemonViewController.swift */,
				613829AA289AD97A00ACA658 /* PokemonProtocols.swift */,
				613829AB289AD97A00ACA658 /* PokemonRepository.swift */,
			);
			path = Pokemon;
			sourceTree = "<group>";
		};
		613829BA289C0D4800ACA658 /* View */ = {
			isa = PBXGroup;
			children = (
				613829BB289C0D5B00ACA658 /* CardPokemonCell.swift */,
			);
			path = View;
			sourceTree = "<group>";
		};
		6145C94228AACE2C00DECC03 /* Views */ = {
			isa = PBXGroup;
			children = (
				6145C94028AACE2700DECC03 /* BattleLogCell.swift */,
			);
			path = Views;
			sourceTree = "<group>";
		};
		615DE87328A6E8DE000B60B0 /* Battle */ = {
			isa = PBXGroup;
			children = (
				6145C94228AACE2C00DECC03 /* Views */,
				615DE87428A6E8FB000B60B0 /* BattleCoordinator.swift */,
				615DE87528A6E8FB000B60B0 /* BattlePresenter.swift */,
				615DE87628A6E8FB000B60B0 /* BattleViewController.swift */,
				615DE87728A6E8FB000B60B0 /* BattleProtocols.swift */,
				615DE87828A6E8FB000B60B0 /* BattleRepository.swift */,
			);
			path = Battle;
			sourceTree = "<group>";
		};
		61728653289963B800C174D5 = {
			isa = PBXGroup;
			children = (
				613829B8289B07CA00ACA658 /* R.generated.swift */,
				6172865E289963B900C174D5 /* Pokedex */,
				61728675289963BB00C174D5 /* PokedexTests */,
				6172867F289963BB00C174D5 /* PokedexUITests */,
				6172865D289963B900C174D5 /* Products */,
				3D991FB1773290B82A8465A4 /* Pods */,
				F310E50DA049318566A5F274 /* Frameworks */,
			);
			sourceTree = "<group>";
		};
		6172865D289963B900C174D5 /* Products */ = {
			isa = PBXGroup;
			children = (
				6172865C289963B900C174D5 /* Pokedex.app */,
				61728672289963BB00C174D5 /* PokedexTests.xctest */,
				6172867C289963BB00C174D5 /* PokedexUITests.xctest */,
			);
			name = Products;
			sourceTree = "<group>";
		};
		6172865E289963B900C174D5 /* Pokedex */ = {
			isa = PBXGroup;
			children = (
				615DE87328A6E8DE000B60B0 /* Battle */,
				619969C428A574D600165EA2 /* BattleChoiceOpponent */,
				613829A6289AD96400ACA658 /* Pokemon */,
				618ABE86289D8C0400010DC7 /* PokemonDetail */,
				613829A3289AD8AF00ACA658 /* Home */,
				61E6038828A1794100EC1DEF /* Resources */,
				6172869F28998F9500C174D5 /* Extensions */,
				618ABE93289D8F1400010DC7 /* Commons */,
				6172869828998C4000C174D5 /* API */,
				6172869328998AC200C174D5 /* Models */,
				6172869228998A9100C174D5 /* UnderTheCarpet */,
				61728668289963BA00C174D5 /* Assets.xcassets */,
				6172866D289963BA00C174D5 /* Info.plist */,
			);
			path = Pokedex;
			sourceTree = "<group>";
		};
		61728675289963BB00C174D5 /* PokedexTests */ = {
			isa = PBXGroup;
			children = (
				61728676289963BB00C174D5 /* PokedexTests.swift */,
			);
			path = PokedexTests;
			sourceTree = "<group>";
		};
		6172867F289963BB00C174D5 /* PokedexUITests */ = {
			isa = PBXGroup;
			children = (
				61728680289963BB00C174D5 /* PokedexUITests.swift */,
				61728682289963BB00C174D5 /* PokedexUITestsLaunchTests.swift */,
			);
			path = PokedexUITests;
			sourceTree = "<group>";
		};
		6172869228998A9100C174D5 /* UnderTheCarpet */ = {
			isa = PBXGroup;
			children = (
				6172866A289963BA00C174D5 /* LaunchScreen.storyboard */,
				6172865F289963B900C174D5 /* AppDelegate.swift */,
				61728661289963B900C174D5 /* SceneDelegate.swift */,
			);
			path = UnderTheCarpet;
			sourceTree = "<group>";
		};
		6172869328998AC200C174D5 /* Models */ = {
			isa = PBXGroup;
			children = (
				6172869428998B6300C174D5 /* PokemonBasePegeable.swift */,
				6172869628998BC500C174D5 /* PokemonBase.swift */,
				618ABE98289DAD0700010DC7 /* PokemonDetail.swift */,
				618ABE9A289DB12600010DC7 /* PokemonSpecies.swift */,
				618ABE9E289DB19500010DC7 /* Abilitiy.swift */,
				618ABEA0289DB1B300010DC7 /* Habitat.swift */,
				618ABEA2289DB1C200010DC7 /* Language.swift */,
				618ABEA4289DB1D300010DC7 /* Sprite.swift */,
				618ABEA6289DB1E800010DC7 /* Status.swift */,
				618ABEA8289DB1FF00010DC7 /* PokemonType.swift */,
				61E6038228A1586A00EC1DEF /* FlavorText.swift */,
				61E6038628A1700700EC1DEF /* Unloacked.swift */,
				619969C028A5651C00165EA2 /* Favorite.swift */,
			);
			path = Models;
			sourceTree = "<group>";
		};
		6172869828998C4000C174D5 /* API */ = {
			isa = PBXGroup;
			children = (
				6172869928998C7500C174D5 /* API.swift */,
				6172869B28998C8000C174D5 /* Endpoint.swift */,
				6172869D28998C8D00C174D5 /* APISupport.swift */,
			);
			path = API;
			sourceTree = "<group>";
		};
		6172869F28998F9500C174D5 /* Extensions */ = {
			isa = PBXGroup;
			children = (
				617286A028998FB200C174D5 /* UIImageView+LoadImage.swift */,
				613829B4289B047300ACA658 /* Typealiases.swift */,
				618ABE82289D8A7300010DC7 /* URL.swift */,
				618ABE84289D8A7A00010DC7 /* String.swift */,
				618ABE96289D902100010DC7 /* UIViewController.swift */,
				619969C228A5677300165EA2 /* UIImage.swift */,
				6145C94328AAE35C00DECC03 /* UILabel+PaddingLabel.swift */,
			);
			path = Extensions;
			sourceTree = "<group>";
		};
		618ABE86289D8C0400010DC7 /* PokemonDetail */ = {
			isa = PBXGroup;
			children = (
				61259F1428A40B45007AB1E9 /* View */,
				618ABE87289D8C1E00010DC7 /* PokemonDetailCoordinator.swift */,
				618ABE88289D8C1E00010DC7 /* PokemonDetailPresenter.swift */,
				618ABE89289D8C1E00010DC7 /* PokemonDetailViewController.swift */,
				618ABE8A289D8C1E00010DC7 /* PokemonDetailProtocols.swift */,
				618ABE8B289D8C1E00010DC7 /* PokemonDetailRepository.swift */,
			);
			path = PokemonDetail;
			sourceTree = "<group>";
		};
		618ABE93289D8F1400010DC7 /* Commons */ = {
			isa = PBXGroup;
			children = (
				618ABE94289D8F5000010DC7 /* LoadIndicatorViewController.swift */,
				61E6038428A16FA400EC1DEF /* UnloackedPokemon.swift */,
				619969BE28A5646F00165EA2 /* Favorites.swift */,
				6145C93E28AAAB2300DECC03 /* CardPokemon.swift */,
			);
			path = Commons;
			sourceTree = "<group>";
		};
		619969C428A574D600165EA2 /* BattleChoiceOpponent */ = {
			isa = PBXGroup;
			children = (
				619969C528A5753400165EA2 /* BattleChoiceOpponentCoordinator.swift */,
				619969C628A5753400165EA2 /* BattleChoiceOpponentPresenter.swift */,
				619969C728A5753400165EA2 /* BattleChoiceOpponentViewController.swift */,
				619969C828A5753400165EA2 /* BattleChoiceOpponentProtocols.swift */,
				619969C928A5753400165EA2 /* BattleChoiceOpponentRepository.swift */,
			);
			path = BattleChoiceOpponent;
			sourceTree = "<group>";
		};
		61E6038828A1794100EC1DEF /* Resources */ = {
			isa = PBXGroup;
			children = (
				61E6038928A17A0300EC1DEF /* Localizable.strings */,
			);
			path = Resources;
			sourceTree = "<group>";
		};
		F310E50DA049318566A5F274 /* Frameworks */ = {
			isa = PBXGroup;
			children = (
				403791ED16910DC249604143 /* Pods_Pokedex.framework */,
				5E702A66D1F384E5BBFC9CAC /* Pods_Pokedex_PokedexUITests.framework */,
				AFF1B6E1A21E2F645C23BB2F /* Pods_PokedexTests.framework */,
			);
			name = Frameworks;
			sourceTree = "<group>";
		};
/* End PBXGroup section */

/* Begin PBXNativeTarget section */
		6172865B289963B900C174D5 /* Pokedex */ = {
			isa = PBXNativeTarget;
			buildConfigurationList = 61728686289963BB00C174D5 /* Build configuration list for PBXNativeTarget "Pokedex" */;
			buildPhases = (
				37529A781D6D8BB6FACBD15A /* [CP] Check Pods Manifest.lock */,
				6172868F2899655D00C174D5 /* Rswitf */,
				61728658289963B900C174D5 /* Sources */,
				61728659289963B900C174D5 /* Frameworks */,
				6172865A289963B900C174D5 /* Resources */,
				E909953CD24919D68F20CDB7 /* [CP] Embed Pods Frameworks */,
			);
			buildRules = (
			);
			dependencies = (
			);
			name = Pokedex;
			productName = Pokedex;
			productReference = 6172865C289963B900C174D5 /* Pokedex.app */;
			productType = "com.apple.product-type.application";
		};
		61728671289963BB00C174D5 /* PokedexTests */ = {
			isa = PBXNativeTarget;
			buildConfigurationList = 61728689289963BB00C174D5 /* Build configuration list for PBXNativeTarget "PokedexTests" */;
			buildPhases = (
				D78F5F8C4FF5E92EAD97FB8F /* [CP] Check Pods Manifest.lock */,
				6172866E289963BB00C174D5 /* Sources */,
				6172866F289963BB00C174D5 /* Frameworks */,
				61728670289963BB00C174D5 /* Resources */,
			);
			buildRules = (
			);
			dependencies = (
				61728674289963BB00C174D5 /* PBXTargetDependency */,
			);
			name = PokedexTests;
			productName = PokedexTests;
			productReference = 61728672289963BB00C174D5 /* PokedexTests.xctest */;
			productType = "com.apple.product-type.bundle.unit-test";
		};
		6172867B289963BB00C174D5 /* PokedexUITests */ = {
			isa = PBXNativeTarget;
			buildConfigurationList = 6172868C289963BB00C174D5 /* Build configuration list for PBXNativeTarget "PokedexUITests" */;
			buildPhases = (
				72AE5E5E1296646FD3AFC8C2 /* [CP] Check Pods Manifest.lock */,
				61728678289963BB00C174D5 /* Sources */,
				61728679289963BB00C174D5 /* Frameworks */,
				6172867A289963BB00C174D5 /* Resources */,
				2B5871630BB8D435BC0D92E5 /* [CP] Embed Pods Frameworks */,
			);
			buildRules = (
			);
			dependencies = (
				6172867E289963BB00C174D5 /* PBXTargetDependency */,
			);
			name = PokedexUITests;
			productName = PokedexUITests;
			productReference = 6172867C289963BB00C174D5 /* PokedexUITests.xctest */;
			productType = "com.apple.product-type.bundle.ui-testing";
		};
/* End PBXNativeTarget section */

/* Begin PBXProject section */
		61728654289963B900C174D5 /* Project object */ = {
			isa = PBXProject;
			attributes = {
				BuildIndependentTargetsInParallel = 1;
				LastSwiftUpdateCheck = 1340;
				LastUpgradeCheck = 1340;
				TargetAttributes = {
					6172865B289963B900C174D5 = {
						CreatedOnToolsVersion = 13.4.1;
					};
					61728671289963BB00C174D5 = {
						CreatedOnToolsVersion = 13.4.1;
						TestTargetID = 6172865B289963B900C174D5;
					};
					6172867B289963BB00C174D5 = {
						CreatedOnToolsVersion = 13.4.1;
						TestTargetID = 6172865B289963B900C174D5;
					};
				};
			};
			buildConfigurationList = 61728657289963B900C174D5 /* Build configuration list for PBXProject "Pokedex" */;
			compatibilityVersion = "Xcode 13.0";
			developmentRegion = en;
			hasScannedForEncodings = 0;
			knownRegions = (
				en,
				Base,
			);
			mainGroup = 61728653289963B800C174D5;
			productRefGroup = 6172865D289963B900C174D5 /* Products */;
			projectDirPath = "";
			projectRoot = "";
			targets = (
				6172865B289963B900C174D5 /* Pokedex */,
				61728671289963BB00C174D5 /* PokedexTests */,
				6172867B289963BB00C174D5 /* PokedexUITests */,
			);
		};
/* End PBXProject section */

/* Begin PBXResourcesBuildPhase section */
		6172865A289963B900C174D5 /* Resources */ = {
			isa = PBXResourcesBuildPhase;
			buildActionMask = 2147483647;
			files = (
				6172866C289963BA00C174D5 /* LaunchScreen.storyboard in Resources */,
				61E6038A28A17A0300EC1DEF /* Localizable.strings in Resources */,
				61728669289963BA00C174D5 /* Assets.xcassets in Resources */,
			);
			runOnlyForDeploymentPostprocessing = 0;
		};
		61728670289963BB00C174D5 /* Resources */ = {
			isa = PBXResourcesBuildPhase;
			buildActionMask = 2147483647;
			files = (
			);
			runOnlyForDeploymentPostprocessing = 0;
		};
		6172867A289963BB00C174D5 /* Resources */ = {
			isa = PBXResourcesBuildPhase;
			buildActionMask = 2147483647;
			files = (
			);
			runOnlyForDeploymentPostprocessing = 0;
		};
/* End PBXResourcesBuildPhase section */

/* Begin PBXShellScriptBuildPhase section */
		2B5871630BB8D435BC0D92E5 /* [CP] Embed Pods Frameworks */ = {
			isa = PBXShellScriptBuildPhase;
			buildActionMask = 2147483647;
			files = (
			);
			inputFileListPaths = (
				"${PODS_ROOT}/Target Support Files/Pods-Pokedex-PokedexUITests/Pods-Pokedex-PokedexUITests-frameworks-${CONFIGURATION}-input-files.xcfilelist",
			);
			name = "[CP] Embed Pods Frameworks";
			outputFileListPaths = (
				"${PODS_ROOT}/Target Support Files/Pods-Pokedex-PokedexUITests/Pods-Pokedex-PokedexUITests-frameworks-${CONFIGURATION}-output-files.xcfilelist",
			);
			runOnlyForDeploymentPostprocessing = 0;
			shellPath = /bin/sh;
			shellScript = "\"${PODS_ROOT}/Target Support Files/Pods-Pokedex-PokedexUITests/Pods-Pokedex-PokedexUITests-frameworks.sh\"\n";
			showEnvVarsInLog = 0;
		};
		37529A781D6D8BB6FACBD15A /* [CP] Check Pods Manifest.lock */ = {
			isa = PBXShellScriptBuildPhase;
			buildActionMask = 2147483647;
			files = (
			);
			inputFileListPaths = (
			);
			inputPaths = (
				"${PODS_PODFILE_DIR_PATH}/Podfile.lock",
				"${PODS_ROOT}/Manifest.lock",
			);
			name = "[CP] Check Pods Manifest.lock";
			outputFileListPaths = (
			);
			outputPaths = (
				"$(DERIVED_FILE_DIR)/Pods-Pokedex-checkManifestLockResult.txt",
			);
			runOnlyForDeploymentPostprocessing = 0;
			shellPath = /bin/sh;
			shellScript = "diff \"${PODS_PODFILE_DIR_PATH}/Podfile.lock\" \"${PODS_ROOT}/Manifest.lock\" > /dev/null\nif [ $? != 0 ] ; then\n    # print error to STDERR\n    echo \"error: The sandbox is not in sync with the Podfile.lock. Run 'pod install' or update your CocoaPods installation.\" >&2\n    exit 1\nfi\n# This output is used by Xcode 'outputs' to avoid re-running this script phase.\necho \"SUCCESS\" > \"${SCRIPT_OUTPUT_FILE_0}\"\n";
			showEnvVarsInLog = 0;
		};
		6172868F2899655D00C174D5 /* Rswitf */ = {
			isa = PBXShellScriptBuildPhase;
			alwaysOutOfDate = 1;
			buildActionMask = 2147483647;
			files = (
			);
			inputFileListPaths = (
			);
			inputPaths = (
			);
			name = Rswitf;
			outputFileListPaths = (
			);
			outputPaths = (
				$SRCROOT/R.generated.swift,
			);
			runOnlyForDeploymentPostprocessing = 0;
			shellPath = /bin/sh;
			shellScript = "# Type a script or drag a script file from your workspace to insert its path.\n\"$PODS_ROOT/R.swift/rswift\" generate \"$SRCROOT/R.generated.swift\"\n";
		};
		72AE5E5E1296646FD3AFC8C2 /* [CP] Check Pods Manifest.lock */ = {
			isa = PBXShellScriptBuildPhase;
			buildActionMask = 2147483647;
			files = (
			);
			inputFileListPaths = (
			);
			inputPaths = (
				"${PODS_PODFILE_DIR_PATH}/Podfile.lock",
				"${PODS_ROOT}/Manifest.lock",
			);
			name = "[CP] Check Pods Manifest.lock";
			outputFileListPaths = (
			);
			outputPaths = (
				"$(DERIVED_FILE_DIR)/Pods-Pokedex-PokedexUITests-checkManifestLockResult.txt",
			);
			runOnlyForDeploymentPostprocessing = 0;
			shellPath = /bin/sh;
			shellScript = "diff \"${PODS_PODFILE_DIR_PATH}/Podfile.lock\" \"${PODS_ROOT}/Manifest.lock\" > /dev/null\nif [ $? != 0 ] ; then\n    # print error to STDERR\n    echo \"error: The sandbox is not in sync with the Podfile.lock. Run 'pod install' or update your CocoaPods installation.\" >&2\n    exit 1\nfi\n# This output is used by Xcode 'outputs' to avoid re-running this script phase.\necho \"SUCCESS\" > \"${SCRIPT_OUTPUT_FILE_0}\"\n";
			showEnvVarsInLog = 0;
		};
		D78F5F8C4FF5E92EAD97FB8F /* [CP] Check Pods Manifest.lock */ = {
			isa = PBXShellScriptBuildPhase;
			buildActionMask = 2147483647;
			files = (
			);
			inputFileListPaths = (
			);
			inputPaths = (
				"${PODS_PODFILE_DIR_PATH}/Podfile.lock",
				"${PODS_ROOT}/Manifest.lock",
			);
			name = "[CP] Check Pods Manifest.lock";
			outputFileListPaths = (
			);
			outputPaths = (
				"$(DERIVED_FILE_DIR)/Pods-PokedexTests-checkManifestLockResult.txt",
			);
			runOnlyForDeploymentPostprocessing = 0;
			shellPath = /bin/sh;
			shellScript = "diff \"${PODS_PODFILE_DIR_PATH}/Podfile.lock\" \"${PODS_ROOT}/Manifest.lock\" > /dev/null\nif [ $? != 0 ] ; then\n    # print error to STDERR\n    echo \"error: The sandbox is not in sync with the Podfile.lock. Run 'pod install' or update your CocoaPods installation.\" >&2\n    exit 1\nfi\n# This output is used by Xcode 'outputs' to avoid re-running this script phase.\necho \"SUCCESS\" > \"${SCRIPT_OUTPUT_FILE_0}\"\n";
			showEnvVarsInLog = 0;
		};
		E909953CD24919D68F20CDB7 /* [CP] Embed Pods Frameworks */ = {
			isa = PBXShellScriptBuildPhase;
			buildActionMask = 2147483647;
			files = (
			);
			inputFileListPaths = (
				"${PODS_ROOT}/Target Support Files/Pods-Pokedex/Pods-Pokedex-frameworks-${CONFIGURATION}-input-files.xcfilelist",
			);
			name = "[CP] Embed Pods Frameworks";
			outputFileListPaths = (
				"${PODS_ROOT}/Target Support Files/Pods-Pokedex/Pods-Pokedex-frameworks-${CONFIGURATION}-output-files.xcfilelist",
			);
			runOnlyForDeploymentPostprocessing = 0;
			shellPath = /bin/sh;
			shellScript = "\"${PODS_ROOT}/Target Support Files/Pods-Pokedex/Pods-Pokedex-frameworks.sh\"\n";
			showEnvVarsInLog = 0;
		};
/* End PBXShellScriptBuildPhase section */

/* Begin PBXSourcesBuildPhase section */
		61728658289963B900C174D5 /* Sources */ = {
			isa = PBXSourcesBuildPhase;
			buildActionMask = 2147483647;
			files = (
				619969CB28A5753400165EA2 /* BattleChoiceOpponentCoordinator.swift in Sources */,
				618ABE85289D8A7A00010DC7 /* String.swift in Sources */,
				613829B5289B047300ACA658 /* Typealiases.swift in Sources */,
				613829A5289AD90000ACA658 /* HomeTabBarViewController.swift in Sources */,
				615DE87B28A6E8FB000B60B0 /* BattlePresenter.swift in Sources */,
				615DE87A28A6E8FB000B60B0 /* BattleCoordinator.swift in Sources */,
				61E6038328A1586A00EC1DEF /* FlavorText.swift in Sources */,
				6145C94428AAE35C00DECC03 /* UILabel+PaddingLabel.swift in Sources */,
				618ABEA9289DB1FF00010DC7 /* PokemonType.swift in Sources */,
				6172869E28998C8D00C174D5 /* APISupport.swift in Sources */,
				61259F1628A40B91007AB1E9 /* StatsItemView.swift in Sources */,
				618ABE91289D8C1E00010DC7 /* PokemonDetailRepository.swift in Sources */,
				613829AE289AD97A00ACA658 /* PokemonPresenter.swift in Sources */,
				613829B0289AD97A00ACA658 /* PokemonProtocols.swift in Sources */,
				615DE87D28A6E8FB000B60B0 /* BattleProtocols.swift in Sources */,
				61E6038728A1700700EC1DEF /* Unloacked.swift in Sources */,
				618ABE99289DAD0700010DC7 /* PokemonDetail.swift in Sources */,
				618ABE9B289DB12600010DC7 /* PokemonSpecies.swift in Sources */,
				613829AF289AD97A00ACA658 /* PokemonViewController.swift in Sources */,
				61728660289963B900C174D5 /* AppDelegate.swift in Sources */,
				619969BF28A5646F00165EA2 /* Favorites.swift in Sources */,
				618ABE8E289D8C1E00010DC7 /* PokemonDetailPresenter.swift in Sources */,
				619969CC28A5753400165EA2 /* BattleChoiceOpponentPresenter.swift in Sources */,
				6172869C28998C8000C174D5 /* Endpoint.swift in Sources */,
				6145C94128AACE2700DECC03 /* BattleLogCell.swift in Sources */,
				618ABE95289D8F5000010DC7 /* LoadIndicatorViewController.swift in Sources */,
				618ABE8D289D8C1E00010DC7 /* PokemonDetailCoordinator.swift in Sources */,
				61728662289963B900C174D5 /* SceneDelegate.swift in Sources */,
				6172869528998B6300C174D5 /* PokemonBasePegeable.swift in Sources */,
				6145C93F28AAAB2300DECC03 /* CardPokemon.swift in Sources */,
				618ABE9F289DB19500010DC7 /* Abilitiy.swift in Sources */,
				61E6038528A16FA400EC1DEF /* UnloackedPokemon.swift in Sources */,
				615DE87C28A6E8FB000B60B0 /* BattleViewController.swift in Sources */,
				6172869728998BC500C174D5 /* PokemonBase.swift in Sources */,
				619969C128A5651C00165EA2 /* Favorite.swift in Sources */,
				619969C328A5677300165EA2 /* UIImage.swift in Sources */,
				618ABE83289D8A7300010DC7 /* URL.swift in Sources */,
				618ABE8F289D8C1E00010DC7 /* PokemonDetailViewController.swift in Sources */,
				619969CF28A5753400165EA2 /* BattleChoiceOpponentRepository.swift in Sources */,
				613829BC289C0D5B00ACA658 /* CardPokemonCell.swift in Sources */,
				618ABEA3289DB1C200010DC7 /* Language.swift in Sources */,
				613829B9289B07CA00ACA658 /* R.generated.swift in Sources */,
				618ABE97289D902100010DC7 /* UIViewController.swift in Sources */,
				615DE87E28A6E8FB000B60B0 /* BattleRepository.swift in Sources */,
				613829B1289AD97A00ACA658 /* PokemonRepository.swift in Sources */,
				619969CD28A5753400165EA2 /* BattleChoiceOpponentViewController.swift in Sources */,
				618ABEA7289DB1E800010DC7 /* Status.swift in Sources */,
				617286A128998FB300C174D5 /* UIImageView+LoadImage.swift in Sources */,
				619969CE28A5753400165EA2 /* BattleChoiceOpponentProtocols.swift in Sources */,
				6172869A28998C7500C174D5 /* API.swift in Sources */,
				618ABE90289D8C1E00010DC7 /* PokemonDetailProtocols.swift in Sources */,
				613829AD289AD97A00ACA658 /* PokemonCoordinator.swift in Sources */,
				618ABEA5289DB1D300010DC7 /* Sprite.swift in Sources */,
				618ABEA1289DB1B300010DC7 /* Habitat.swift in Sources */,
			);
			runOnlyForDeploymentPostprocessing = 0;
		};
		6172866E289963BB00C174D5 /* Sources */ = {
			isa = PBXSourcesBuildPhase;
			buildActionMask = 2147483647;
			files = (
				61728677289963BB00C174D5 /* PokedexTests.swift in Sources */,
			);
			runOnlyForDeploymentPostprocessing = 0;
		};
		61728678289963BB00C174D5 /* Sources */ = {
			isa = PBXSourcesBuildPhase;
			buildActionMask = 2147483647;
			files = (
				61728681289963BB00C174D5 /* PokedexUITests.swift in Sources */,
				61728683289963BB00C174D5 /* PokedexUITestsLaunchTests.swift in Sources */,
			);
			runOnlyForDeploymentPostprocessing = 0;
		};
/* End PBXSourcesBuildPhase section */

/* Begin PBXTargetDependency section */
		61728674289963BB00C174D5 /* PBXTargetDependency */ = {
			isa = PBXTargetDependency;
			target = 6172865B289963B900C174D5 /* Pokedex */;
			targetProxy = 61728673289963BB00C174D5 /* PBXContainerItemProxy */;
		};
		6172867E289963BB00C174D5 /* PBXTargetDependency */ = {
			isa = PBXTargetDependency;
			target = 6172865B289963B900C174D5 /* Pokedex */;
			targetProxy = 6172867D289963BB00C174D5 /* PBXContainerItemProxy */;
		};
/* End PBXTargetDependency section */

/* Begin PBXVariantGroup section */
		6172866A289963BA00C174D5 /* LaunchScreen.storyboard */ = {
			isa = PBXVariantGroup;
			children = (
				6172866B289963BA00C174D5 /* Base */,
			);
			name = LaunchScreen.storyboard;
			sourceTree = "<group>";
		};
/* End PBXVariantGroup section */

/* Begin XCBuildConfiguration section */
		61728684289963BB00C174D5 /* Debug */ = {
			isa = XCBuildConfiguration;
			buildSettings = {
				ALWAYS_SEARCH_USER_PATHS = NO;
				CLANG_ANALYZER_NONNULL = YES;
				CLANG_ANALYZER_NUMBER_OBJECT_CONVERSION = YES_AGGRESSIVE;
				CLANG_CXX_LANGUAGE_STANDARD = "gnu++17";
				CLANG_ENABLE_MODULES = YES;
				CLANG_ENABLE_OBJC_ARC = YES;
				CLANG_ENABLE_OBJC_WEAK = YES;
				CLANG_WARN_BLOCK_CAPTURE_AUTORELEASING = YES;
				CLANG_WARN_BOOL_CONVERSION = YES;
				CLANG_WARN_COMMA = YES;
				CLANG_WARN_CONSTANT_CONVERSION = YES;
				CLANG_WARN_DEPRECATED_OBJC_IMPLEMENTATIONS = YES;
				CLANG_WARN_DIRECT_OBJC_ISA_USAGE = YES_ERROR;
				CLANG_WARN_DOCUMENTATION_COMMENTS = YES;
				CLANG_WARN_EMPTY_BODY = YES;
				CLANG_WARN_ENUM_CONVERSION = YES;
				CLANG_WARN_INFINITE_RECURSION = YES;
				CLANG_WARN_INT_CONVERSION = YES;
				CLANG_WARN_NON_LITERAL_NULL_CONVERSION = YES;
				CLANG_WARN_OBJC_IMPLICIT_RETAIN_SELF = YES;
				CLANG_WARN_OBJC_LITERAL_CONVERSION = YES;
				CLANG_WARN_OBJC_ROOT_CLASS = YES_ERROR;
				CLANG_WARN_QUOTED_INCLUDE_IN_FRAMEWORK_HEADER = YES;
				CLANG_WARN_RANGE_LOOP_ANALYSIS = YES;
				CLANG_WARN_STRICT_PROTOTYPES = YES;
				CLANG_WARN_SUSPICIOUS_MOVE = YES;
				CLANG_WARN_UNGUARDED_AVAILABILITY = YES_AGGRESSIVE;
				CLANG_WARN_UNREACHABLE_CODE = YES;
				CLANG_WARN__DUPLICATE_METHOD_MATCH = YES;
				COPY_PHASE_STRIP = NO;
				DEBUG_INFORMATION_FORMAT = dwarf;
				ENABLE_STRICT_OBJC_MSGSEND = YES;
				ENABLE_TESTABILITY = YES;
				GCC_C_LANGUAGE_STANDARD = gnu11;
				GCC_DYNAMIC_NO_PIC = NO;
				GCC_NO_COMMON_BLOCKS = YES;
				GCC_OPTIMIZATION_LEVEL = 0;
				GCC_PREPROCESSOR_DEFINITIONS = (
					"DEBUG=1",
					"$(inherited)",
				);
				GCC_WARN_64_TO_32_BIT_CONVERSION = YES;
				GCC_WARN_ABOUT_RETURN_TYPE = YES_ERROR;
				GCC_WARN_UNDECLARED_SELECTOR = YES;
				GCC_WARN_UNINITIALIZED_AUTOS = YES_AGGRESSIVE;
				GCC_WARN_UNUSED_FUNCTION = YES;
				GCC_WARN_UNUSED_VARIABLE = YES;
				IPHONEOS_DEPLOYMENT_TARGET = 15.5;
				MTL_ENABLE_DEBUG_INFO = INCLUDE_SOURCE;
				MTL_FAST_MATH = YES;
				ONLY_ACTIVE_ARCH = YES;
				SDKROOT = iphoneos;
				SWIFT_ACTIVE_COMPILATION_CONDITIONS = DEBUG;
				SWIFT_OPTIMIZATION_LEVEL = "-Onone";
			};
			name = Debug;
		};
		61728685289963BB00C174D5 /* Release */ = {
			isa = XCBuildConfiguration;
			buildSettings = {
				ALWAYS_SEARCH_USER_PATHS = NO;
				CLANG_ANALYZER_NONNULL = YES;
				CLANG_ANALYZER_NUMBER_OBJECT_CONVERSION = YES_AGGRESSIVE;
				CLANG_CXX_LANGUAGE_STANDARD = "gnu++17";
				CLANG_ENABLE_MODULES = YES;
				CLANG_ENABLE_OBJC_ARC = YES;
				CLANG_ENABLE_OBJC_WEAK = YES;
				CLANG_WARN_BLOCK_CAPTURE_AUTORELEASING = YES;
				CLANG_WARN_BOOL_CONVERSION = YES;
				CLANG_WARN_COMMA = YES;
				CLANG_WARN_CONSTANT_CONVERSION = YES;
				CLANG_WARN_DEPRECATED_OBJC_IMPLEMENTATIONS = YES;
				CLANG_WARN_DIRECT_OBJC_ISA_USAGE = YES_ERROR;
				CLANG_WARN_DOCUMENTATION_COMMENTS = YES;
				CLANG_WARN_EMPTY_BODY = YES;
				CLANG_WARN_ENUM_CONVERSION = YES;
				CLANG_WARN_INFINITE_RECURSION = YES;
				CLANG_WARN_INT_CONVERSION = YES;
				CLANG_WARN_NON_LITERAL_NULL_CONVERSION = YES;
				CLANG_WARN_OBJC_IMPLICIT_RETAIN_SELF = YES;
				CLANG_WARN_OBJC_LITERAL_CONVERSION = YES;
				CLANG_WARN_OBJC_ROOT_CLASS = YES_ERROR;
				CLANG_WARN_QUOTED_INCLUDE_IN_FRAMEWORK_HEADER = YES;
				CLANG_WARN_RANGE_LOOP_ANALYSIS = YES;
				CLANG_WARN_STRICT_PROTOTYPES = YES;
				CLANG_WARN_SUSPICIOUS_MOVE = YES;
				CLANG_WARN_UNGUARDED_AVAILABILITY = YES_AGGRESSIVE;
				CLANG_WARN_UNREACHABLE_CODE = YES;
				CLANG_WARN__DUPLICATE_METHOD_MATCH = YES;
				COPY_PHASE_STRIP = NO;
				DEBUG_INFORMATION_FORMAT = "dwarf-with-dsym";
				ENABLE_NS_ASSERTIONS = NO;
				ENABLE_STRICT_OBJC_MSGSEND = YES;
				GCC_C_LANGUAGE_STANDARD = gnu11;
				GCC_NO_COMMON_BLOCKS = YES;
				GCC_WARN_64_TO_32_BIT_CONVERSION = YES;
				GCC_WARN_ABOUT_RETURN_TYPE = YES_ERROR;
				GCC_WARN_UNDECLARED_SELECTOR = YES;
				GCC_WARN_UNINITIALIZED_AUTOS = YES_AGGRESSIVE;
				GCC_WARN_UNUSED_FUNCTION = YES;
				GCC_WARN_UNUSED_VARIABLE = YES;
				IPHONEOS_DEPLOYMENT_TARGET = 15.5;
				MTL_ENABLE_DEBUG_INFO = NO;
				MTL_FAST_MATH = YES;
				SDKROOT = iphoneos;
				SWIFT_COMPILATION_MODE = wholemodule;
				SWIFT_OPTIMIZATION_LEVEL = "-O";
				VALIDATE_PRODUCT = YES;
			};
			name = Release;
		};
		61728687289963BB00C174D5 /* Debug */ = {
			isa = XCBuildConfiguration;
			baseConfigurationReference = 57F87824401DDB8DC5AC9B33 /* Pods-Pokedex.debug.xcconfig */;
			buildSettings = {
				ASSETCATALOG_COMPILER_APPICON_NAME = AppIcon;
				ASSETCATALOG_COMPILER_GLOBAL_ACCENT_COLOR_NAME = AccentColor;
				CODE_SIGN_STYLE = Automatic;
				CURRENT_PROJECT_VERSION = 1;
				GENERATE_INFOPLIST_FILE = YES;
				INFOPLIST_FILE = Pokedex/Info.plist;
				INFOPLIST_KEY_UIApplicationSupportsIndirectInputEvents = YES;
				INFOPLIST_KEY_UILaunchStoryboardName = LaunchScreen;
				INFOPLIST_KEY_UISupportedInterfaceOrientations_iPad = "UIInterfaceOrientationPortrait UIInterfaceOrientationPortraitUpsideDown UIInterfaceOrientationLandscapeLeft UIInterfaceOrientationLandscapeRight";
				INFOPLIST_KEY_UISupportedInterfaceOrientations_iPhone = "UIInterfaceOrientationPortrait UIInterfaceOrientationLandscapeLeft UIInterfaceOrientationLandscapeRight";
				LD_RUNPATH_SEARCH_PATHS = (
					"$(inherited)",
					"@executable_path/Frameworks",
				);
				MARKETING_VERSION = 1.0;
				PRODUCT_BUNDLE_IDENTIFIER = com.cwi.Pokedex;
				PRODUCT_NAME = "$(TARGET_NAME)";
				SWIFT_EMIT_LOC_STRINGS = YES;
				SWIFT_VERSION = 5.0;
				TARGETED_DEVICE_FAMILY = "1,2";
			};
			name = Debug;
		};
		61728688289963BB00C174D5 /* Release */ = {
			isa = XCBuildConfiguration;
			baseConfigurationReference = 24A7B11F3DC69BF1A9D2881F /* Pods-Pokedex.release.xcconfig */;
			buildSettings = {
				ASSETCATALOG_COMPILER_APPICON_NAME = AppIcon;
				ASSETCATALOG_COMPILER_GLOBAL_ACCENT_COLOR_NAME = AccentColor;
				CODE_SIGN_STYLE = Automatic;
				CURRENT_PROJECT_VERSION = 1;
				GENERATE_INFOPLIST_FILE = YES;
				INFOPLIST_FILE = Pokedex/Info.plist;
				INFOPLIST_KEY_UIApplicationSupportsIndirectInputEvents = YES;
				INFOPLIST_KEY_UILaunchStoryboardName = LaunchScreen;
				INFOPLIST_KEY_UISupportedInterfaceOrientations_iPad = "UIInterfaceOrientationPortrait UIInterfaceOrientationPortraitUpsideDown UIInterfaceOrientationLandscapeLeft UIInterfaceOrientationLandscapeRight";
				INFOPLIST_KEY_UISupportedInterfaceOrientations_iPhone = "UIInterfaceOrientationPortrait UIInterfaceOrientationLandscapeLeft UIInterfaceOrientationLandscapeRight";
				LD_RUNPATH_SEARCH_PATHS = (
					"$(inherited)",
					"@executable_path/Frameworks",
				);
				MARKETING_VERSION = 1.0;
				PRODUCT_BUNDLE_IDENTIFIER = com.cwi.Pokedex;
				PRODUCT_NAME = "$(TARGET_NAME)";
				SWIFT_EMIT_LOC_STRINGS = YES;
				SWIFT_VERSION = 5.0;
				TARGETED_DEVICE_FAMILY = "1,2";
			};
			name = Release;
		};
		6172868A289963BB00C174D5 /* Debug */ = {
			isa = XCBuildConfiguration;
			baseConfigurationReference = 7FB20A4214E54F5BAD87EA55 /* Pods-PokedexTests.debug.xcconfig */;
			buildSettings = {
				ALWAYS_EMBED_SWIFT_STANDARD_LIBRARIES = YES;
				BUNDLE_LOADER = "$(TEST_HOST)";
				CODE_SIGN_STYLE = Automatic;
				CURRENT_PROJECT_VERSION = 1;
				GENERATE_INFOPLIST_FILE = YES;
				IPHONEOS_DEPLOYMENT_TARGET = 15.5;
				MARKETING_VERSION = 1.0;
				PRODUCT_BUNDLE_IDENTIFIER = com.cwi.PokedexTests;
				PRODUCT_NAME = "$(TARGET_NAME)";
				SWIFT_EMIT_LOC_STRINGS = NO;
				SWIFT_VERSION = 5.0;
				TARGETED_DEVICE_FAMILY = "1,2";
				TEST_HOST = "$(BUILT_PRODUCTS_DIR)/Pokedex.app/Pokedex";
			};
			name = Debug;
		};
		6172868B289963BB00C174D5 /* Release */ = {
			isa = XCBuildConfiguration;
			baseConfigurationReference = 6FCB151FE77D4512E23E59B6 /* Pods-PokedexTests.release.xcconfig */;
			buildSettings = {
				ALWAYS_EMBED_SWIFT_STANDARD_LIBRARIES = YES;
				BUNDLE_LOADER = "$(TEST_HOST)";
				CODE_SIGN_STYLE = Automatic;
				CURRENT_PROJECT_VERSION = 1;
				GENERATE_INFOPLIST_FILE = YES;
				IPHONEOS_DEPLOYMENT_TARGET = 15.5;
				MARKETING_VERSION = 1.0;
				PRODUCT_BUNDLE_IDENTIFIER = com.cwi.PokedexTests;
				PRODUCT_NAME = "$(TARGET_NAME)";
				SWIFT_EMIT_LOC_STRINGS = NO;
				SWIFT_VERSION = 5.0;
				TARGETED_DEVICE_FAMILY = "1,2";
				TEST_HOST = "$(BUILT_PRODUCTS_DIR)/Pokedex.app/Pokedex";
			};
			name = Release;
		};
		6172868D289963BB00C174D5 /* Debug */ = {
			isa = XCBuildConfiguration;
			baseConfigurationReference = 5156FD286C4C5A6F00E9BCA0 /* Pods-Pokedex-PokedexUITests.debug.xcconfig */;
			buildSettings = {
				ALWAYS_EMBED_SWIFT_STANDARD_LIBRARIES = YES;
				CODE_SIGN_STYLE = Automatic;
				CURRENT_PROJECT_VERSION = 1;
				GENERATE_INFOPLIST_FILE = YES;
				MARKETING_VERSION = 1.0;
				PRODUCT_BUNDLE_IDENTIFIER = com.cwi.PokedexUITests;
				PRODUCT_NAME = "$(TARGET_NAME)";
				SWIFT_EMIT_LOC_STRINGS = NO;
				SWIFT_VERSION = 5.0;
				TARGETED_DEVICE_FAMILY = "1,2";
				TEST_TARGET_NAME = Pokedex;
			};
			name = Debug;
		};
		6172868E289963BB00C174D5 /* Release */ = {
			isa = XCBuildConfiguration;
			baseConfigurationReference = B6F9C30847EE95040D67A263 /* Pods-Pokedex-PokedexUITests.release.xcconfig */;
			buildSettings = {
				ALWAYS_EMBED_SWIFT_STANDARD_LIBRARIES = YES;
				CODE_SIGN_STYLE = Automatic;
				CURRENT_PROJECT_VERSION = 1;
				GENERATE_INFOPLIST_FILE = YES;
				MARKETING_VERSION = 1.0;
				PRODUCT_BUNDLE_IDENTIFIER = com.cwi.PokedexUITests;
				PRODUCT_NAME = "$(TARGET_NAME)";
				SWIFT_EMIT_LOC_STRINGS = NO;
				SWIFT_VERSION = 5.0;
				TARGETED_DEVICE_FAMILY = "1,2";
				TEST_TARGET_NAME = Pokedex;
			};
			name = Release;
		};
/* End XCBuildConfiguration section */

/* Begin XCConfigurationList section */
		61728657289963B900C174D5 /* Build configuration list for PBXProject "Pokedex" */ = {
			isa = XCConfigurationList;
			buildConfigurations = (
				61728684289963BB00C174D5 /* Debug */,
				61728685289963BB00C174D5 /* Release */,
			);
			defaultConfigurationIsVisible = 0;
			defaultConfigurationName = Release;
		};
		61728686289963BB00C174D5 /* Build configuration list for PBXNativeTarget "Pokedex" */ = {
			isa = XCConfigurationList;
			buildConfigurations = (
				61728687289963BB00C174D5 /* Debug */,
				61728688289963BB00C174D5 /* Release */,
			);
			defaultConfigurationIsVisible = 0;
			defaultConfigurationName = Release;
		};
		61728689289963BB00C174D5 /* Build configuration list for PBXNativeTarget "PokedexTests" */ = {
			isa = XCConfigurationList;
			buildConfigurations = (
				6172868A289963BB00C174D5 /* Debug */,
				6172868B289963BB00C174D5 /* Release */,
			);
			defaultConfigurationIsVisible = 0;
			defaultConfigurationName = Release;
		};
		6172868C289963BB00C174D5 /* Build configuration list for PBXNativeTarget "PokedexUITests" */ = {
			isa = XCConfigurationList;
			buildConfigurations = (
				6172868D289963BB00C174D5 /* Debug */,
				6172868E289963BB00C174D5 /* Release */,
			);
			defaultConfigurationIsVisible = 0;
			defaultConfigurationName = Release;
		};
/* End XCConfigurationList section */
	};
	rootObject = 61728654289963B900C174D5 /* Project object */;
}
